
Microsoft Visual Studio Solution File, Format Version 12.00
# Visual Studio Version 17
VisualStudioVersion = 17.5.33530.505
MinimumVisualStudioVersion = 10.0.40219.1
Project("{FAE04EC0-301F-11D3-BF4B-00C04F79EFBC}") = "CIS2", "CIS2.csproj", "{510203CF-4A1C-4177-B5F0-C7710F3F8B3A}"
EndProject
Global
	GlobalSection(SolutionConfigurationPlatforms) = preSolution
		Debug|Any CPU = Debug|Any CPU
		Release|Any CPU = Release|Any CPU
	EndGlobalSection
	GlobalSection(ProjectConfigurationPlatforms) = postSolution
		{510203CF-4A1C-4177-B5F0-C7710F3F8B3A}.Debug|Any CPU.ActiveCfg = Debug|Any CPU
		{510203CF-4A1C-4177-B5F0-C7710F3F8B3A}.Debug|Any CPU.Build.0 = Debug|Any CPU
		{510203CF-4A1C-4177-B5F0-C7710F3F8B3A}.Release|Any CPU.ActiveCfg = Release|Any CPU
		{510203CF-4A1C-4177-B5F0-C7710F3F8B3A}.Release|Any CPU.Build.0 = Release|Any CPU
	EndGlobalSection
	GlobalSection(SolutionProperties) = preSolution
		HideSolutionNode = FALSE
	EndGlobalSection
	GlobalSection(ExtensibilityGlobals) = postSolution
		SolutionGuid = {C218337E-972A-4829-861E-58DC558EC922}
	EndGlobalSection
EndGlobal
